
Microsoft Visual Studio Solution File, Format Version 12.00
# Visual Studio Version 17
VisualStudioVersion = 17.14.36705.20 d17.14
MinimumVisualStudioVersion = 10.0.40219.1
Project("{FAE04EC0-301F-11D3-BF4B-00C04F79EFBC}") = "Fakturace", "Fakturace\Fakturace.csproj", "{F5BC9FC7-ABFA-4B5D-980F-E04C36122E87}"
EndProject
Global
	GlobalSection(SolutionConfigurationPlatforms) = preSolution
		Debug|Any CPU = Debug|Any CPU
		Release|Any CPU = Release|Any CPU
	EndGlobalSection
	GlobalSection(ProjectConfigurationPlatforms) = postSolution
		{F5BC9FC7-ABFA-4B5D-980F-E04C36122E87}.Debug|Any CPU.ActiveCfg = Debug|Any CPU
		{F5BC9FC7-ABFA-4B5D-980F-E04C36122E87}.Debug|Any CPU.Build.0 = Debug|Any CPU
		{F5BC9FC7-ABFA-4B5D-980F-E04C36122E87}.Release|Any CPU.ActiveCfg = Release|Any CPU
		{F5BC9FC7-ABFA-4B5D-980F-E04C36122E87}.Release|Any CPU.Build.0 = Release|Any CPU
	EndGlobalSection
	GlobalSection(SolutionProperties) = preSolution
		HideSolutionNode = FALSE
	EndGlobalSection
	GlobalSection(ExtensibilityGlobals) = postSolution
		SolutionGuid = {281DE007-A2A1-4AD8-9C59-24FA214BF059}
	EndGlobalSection
EndGlobal
